
Microsoft Visual Studio Solution File, Format Version 12.00
# Visual Studio Version 17
VisualStudioVersion = 17.0.31903.59
MinimumVisualStudioVersion = 10.0.40219.1
Project("{9A19103F-16F7-4668-BE54-9A1E7A4F7556}") = "SubstitutesGenerator", "SubstitutesGenerator\SubstitutesGenerator.csproj", "{20C059E5-8673-4871-8B6E-D257FF3A7BE9}"
EndProject
Project("{9A19103F-16F7-4668-BE54-9A1E7A4F7556}") = "SubstitutesGenerator.Analyzer", "SubstitutesGenerator.Analyzer\SubstitutesGenerator.Analyzer\SubstitutesGenerator.Analyzer.csproj", "{DD538123-F991-4C54-BB5C-3241BF751DC1}"
EndProject
Project("{FAE04EC0-301F-11D3-BF4B-00C04F79EFBC}") = "SubstitutesGenerator.Analyzer.Package", "SubstitutesGenerator.Analyzer\SubstitutesGenerator.Analyzer.Package\SubstitutesGenerator.Analyzer.Package.csproj", "{F266DF73-4E7B-4647-8158-BD1FE27D5D48}"
EndProject
Project("{9A19103F-16F7-4668-BE54-9A1E7A4F7556}") = "SubstitutesGenerator.Analyzer.Test", "SubstitutesGenerator.Analyzer\SubstitutesGenerator.Analyzer.Test\SubstitutesGenerator.Analyzer.Test.csproj", "{97824946-AA0A-483C-9FAB-86AFF3AE13F2}"
EndProject
Global
	GlobalSection(SolutionConfigurationPlatforms) = preSolution
		Debug|Any CPU = Debug|Any CPU
		Release|Any CPU = Release|Any CPU
	EndGlobalSection
	GlobalSection(ProjectConfigurationPlatforms) = postSolution
		{20C059E5-8673-4871-8B6E-D257FF3A7BE9}.Debug|Any CPU.ActiveCfg = Debug|Any CPU
		{20C059E5-8673-4871-8B6E-D257FF3A7BE9}.Debug|Any CPU.Build.0 = Debug|Any CPU
		{20C059E5-8673-4871-8B6E-D257FF3A7BE9}.Release|Any CPU.ActiveCfg = Release|Any CPU
		{20C059E5-8673-4871-8B6E-D257FF3A7BE9}.Release|Any CPU.Build.0 = Release|Any CPU
		{DD538123-F991-4C54-BB5C-3241BF751DC1}.Debug|Any CPU.ActiveCfg = Debug|Any CPU
		{DD538123-F991-4C54-BB5C-3241BF751DC1}.Debug|Any CPU.Build.0 = Debug|Any CPU
		{DD538123-F991-4C54-BB5C-3241BF751DC1}.Release|Any CPU.ActiveCfg = Release|Any CPU
		{DD538123-F991-4C54-BB5C-3241BF751DC1}.Release|Any CPU.Build.0 = Release|Any CPU
		{F266DF73-4E7B-4647-8158-BD1FE27D5D48}.Debug|Any CPU.ActiveCfg = Debug|Any CPU
		{F266DF73-4E7B-4647-8158-BD1FE27D5D48}.Debug|Any CPU.Build.0 = Debug|Any CPU
		{F266DF73-4E7B-4647-8158-BD1FE27D5D48}.Release|Any CPU.ActiveCfg = Release|Any CPU
		{F266DF73-4E7B-4647-8158-BD1FE27D5D48}.Release|Any CPU.Build.0 = Release|Any CPU
		{97824946-AA0A-483C-9FAB-86AFF3AE13F2}.Debug|Any CPU.ActiveCfg = Debug|Any CPU
		{97824946-AA0A-483C-9FAB-86AFF3AE13F2}.Debug|Any CPU.Build.0 = Debug|Any CPU
		{97824946-AA0A-483C-9FAB-86AFF3AE13F2}.Release|Any CPU.ActiveCfg = Release|Any CPU
		{97824946-AA0A-483C-9FAB-86AFF3AE13F2}.Release|Any CPU.Build.0 = Release|Any CPU
	EndGlobalSection
	GlobalSection(SolutionProperties) = preSolution
		HideSolutionNode = FALSE
	EndGlobalSection
	GlobalSection(ExtensibilityGlobals) = postSolution
		SolutionGuid = {A061D6C0-9752-4340-956F-0D7167D64B7A}
	EndGlobalSection
EndGlobal
